
Microsoft Visual Studio Solution File, Format Version 12.00
# Visual Studio Version 16
VisualStudioVersion = 16.0.31702.278
MinimumVisualStudioVersion = 10.0.40219.1
Project("{FAE04EC0-301F-11D3-BF4B-00C04F79EFBC}") = "AutoApp", "AutoApp\AutoApp.csproj", "{CEB6EFD0-E203-49EA-932B-E852AAD510F5}"
EndProject
Global
	GlobalSection(SolutionConfigurationPlatforms) = preSolution
		Debug|Any CPU = Debug|Any CPU
		Release|Any CPU = Release|Any CPU
	EndGlobalSection
	GlobalSection(ProjectConfigurationPlatforms) = postSolution
		{CEB6EFD0-E203-49EA-932B-E852AAD510F5}.Debug|Any CPU.ActiveCfg = Debug|Any CPU
		{CEB6EFD0-E203-49EA-932B-E852AAD510F5}.Debug|Any CPU.Build.0 = Debug|Any CPU
		{CEB6EFD0-E203-49EA-932B-E852AAD510F5}.Release|Any CPU.ActiveCfg = Release|Any CPU
		{CEB6EFD0-E203-49EA-932B-E852AAD510F5}.Release|Any CPU.Build.0 = Release|Any CPU
	EndGlobalSection
	GlobalSection(SolutionProperties) = preSolution
		HideSolutionNode = FALSE
	EndGlobalSection
	GlobalSection(ExtensibilityGlobals) = postSolution
		SolutionGuid = {0F43AE27-863D-4314-8EDB-B77A0CCE4182}
	EndGlobalSection
EndGlobal
